# THIS IS AN AUTOGENERATED FILE. DO NOT EDIT THIS FILE DIRECTLY.
# yarn lockfile v1


"@babel/code-frame@^7.0.0":
  version "7.10.4"
  resolved "https://repo.dev.wixpress.com/artifactory/api/npm/npm-repos/@babel/code-frame/-/code-frame-7.10.4.tgz#168da1a36e90da68ae8d49c0f1b48c7c6249213a"
  integrity sha1-Fo2ho26Q2miujUnA8bSMfGJJITo=
  dependencies:
    "@babel/highlight" "^7.10.4"

"@babel/helper-validator-identifier@^7.10.4":
  version "7.10.4"
  resolved "https://repo.dev.wixpress.com/artifactory/api/npm/npm-repos/@babel/helper-validator-identifier/-/helper-validator-identifier-7.10.4.tgz#a78c7a7251e01f616512d31b10adcf52ada5e0d2"
  integrity sha1-p4x6clHgH2FlEtMbEK3PUq2l4NI=

"@babel/highlight@^7.10.4":
  version "7.10.4"
  resolved "https://repo.dev.wixpress.com/artifactory/api/npm/npm-repos/@babel/highlight/-/highlight-7.10.4.tgz#7d1bdfd65753538fabe6c38596cdb76d9ac60143"
  integrity sha1-fRvf1ldTU4+r5sOFls23bZrGAUM=
  dependencies:
    "@babel/helper-validator-identifier" "^7.10.4"
    chalk "^2.0.0"
    js-tokens "^4.0.0"

"@eslint/eslintrc@^0.2.1":
  version "0.2.1"
  resolved "https://repo.dev.wixpress.com/artifactory/api/npm/npm-repos/@eslint/eslintrc/-/eslintrc-0.2.1.tgz#f72069c330461a06684d119384435e12a5d76e3c"
  integrity sha1-9yBpwzBGGgZoTRGThENeEqXXbjw=
  dependencies:
    ajv "^6.12.4"
    debug "^4.1.1"
    espree "^7.3.0"
    globals "^12.1.0"
    ignore "^4.0.6"
    import-fresh "^3.2.1"
    js-yaml "^3.13.1"
    lodash "^4.17.19"
    minimatch "^3.0.4"
    strip-json-comments "^3.1.1"

"@nodelib/fs.scandir@2.1.3":
  version "2.1.3"
  resolved "https://repo.dev.wixpress.com/artifactory/api/npm/npm-repos/@nodelib/fs.scandir/-/fs.scandir-2.1.3.tgz#3a582bdb53804c6ba6d146579c46e52130cf4a3b"
  integrity sha1-Olgr21OATGum0UZXnEblITDPSjs=
  dependencies:
    "@nodelib/fs.stat" "2.0.3"
    run-parallel "^1.1.9"

"@nodelib/fs.stat@2.0.3", "@nodelib/fs.stat@^2.0.2":
  version "2.0.3"
  resolved "https://repo.dev.wixpress.com/artifactory/api/npm/npm-repos/@nodelib/fs.stat/-/fs.stat-2.0.3.tgz#34dc5f4cabbc720f4e60f75a747e7ecd6c175bd3"
  integrity sha1-NNxfTKu8cg9OYPdadH5+zWwXW9M=

"@nodelib/fs.walk@^1.2.3":
  version "1.2.4"
  resolved "https://repo.dev.wixpress.com/artifactory/api/npm/npm-repos/@nodelib/fs.walk/-/fs.walk-1.2.4.tgz#011b9202a70a6366e436ca5c065844528ab04976"
  integrity sha1-ARuSAqcKY2bkNspcBlhEUoqwSXY=
  dependencies:
    "@nodelib/fs.scandir" "2.1.3"
    fastq "^1.6.0"

"@types/globby@^9.1.0":
  version "9.1.0"
  resolved "https://repo.dev.wixpress.com/artifactory/api/npm/npm-repos/@types/globby/-/globby-9.1.0.tgz#08e2cf99c64f8e45c6cfbe05e9d8ac763aca6482"
  integrity sha1-COLPmcZPjkXGz74F6disdjrKZII=
  dependencies:
    globby "*"

"@types/json-schema@^7.0.3":
  version "7.0.6"
  resolved "https://repo.dev.wixpress.com/artifactory/api/npm/npm-repos/@types/json-schema/-/json-schema-7.0.6.tgz#f4c7ec43e81b319a9815115031709f26987891f0"
  integrity sha1-9MfsQ+gbMZqYFRFQMXCfJph4kfA=

"@types/node@^14.14.8":
  version "14.14.8"
  resolved "https://repo.dev.wixpress.com/artifactory/api/npm/npm-repos/@types/node/-/node-14.14.8.tgz#2127bd81949a95c8b7d3240f3254352d72563aec"
  integrity sha1-ISe9gZSalci30yQPMlQ1LXJWOuw=

"@typescript-eslint/eslint-plugin@^4.8.1":
  version "4.8.1"
  resolved "https://repo.dev.wixpress.com/artifactory/api/npm/npm-repos/@typescript-eslint/eslint-plugin/-/eslint-plugin-4.8.1.tgz#b362abe0ee478a6c6d06c14552a6497f0b480769"
  integrity sha1-s2Kr4O5HimxtBsFFUqZJfwtIB2k=
  dependencies:
    "@typescript-eslint/experimental-utils" "4.8.1"
    "@typescript-eslint/scope-manager" "4.8.1"
    debug "^4.1.1"
    functional-red-black-tree "^1.0.1"
    regexpp "^3.0.0"
    semver "^7.3.2"
    tsutils "^3.17.1"

"@typescript-eslint/experimental-utils@4.8.1":
  version "4.8.1"
  resolved "https://repo.dev.wixpress.com/artifactory/api/npm/npm-repos/@typescript-eslint/experimental-utils/-/experimental-utils-4.8.1.tgz#27275c20fa4336df99ebcf6195f7d7aa7aa9f22d"
  integrity sha1-JydcIPpDNt+Z689hlffXqnqp8i0=
  dependencies:
    "@types/json-schema" "^7.0.3"
    "@typescript-eslint/scope-manager" "4.8.1"
    "@typescript-eslint/types" "4.8.1"
    "@typescript-eslint/typescript-estree" "4.8.1"
    eslint-scope "^5.0.0"
    eslint-utils "^2.0.0"

"@typescript-eslint/parser@^4.8.1":
  version "4.8.1"
  resolved "https://repo.dev.wixpress.com/artifactory/api/npm/npm-repos/@typescript-eslint/parser/-/parser-4.8.1.tgz#4fe2fbdbb67485bafc4320b3ae91e34efe1219d1"
  integrity sha1-T+L727Z0hbr8QyCzrpHjTv4SGdE=
  dependencies:
    "@typescript-eslint/scope-manager" "4.8.1"
    "@typescript-eslint/types" "4.8.1"
    "@typescript-eslint/typescript-estree" "4.8.1"
    debug "^4.1.1"

"@typescript-eslint/scope-manager@4.8.1":
  version "4.8.1"
  resolved "https://repo.dev.wixpress.com/artifactory/api/npm/npm-repos/@typescript-eslint/scope-manager/-/scope-manager-4.8.1.tgz#e343c475f8f1d15801b546cb17d7f309b768fdce"
  integrity sha1-40PEdfjx0VgBtUbLF9fzCbdo/c4=
  dependencies:
    "@typescript-eslint/types" "4.8.1"
    "@typescript-eslint/visitor-keys" "4.8.1"

"@typescript-eslint/types@4.8.1":
  version "4.8.1"
  resolved "https://repo.dev.wixpress.com/artifactory/api/npm/npm-repos/@typescript-eslint/types/-/types-4.8.1.tgz#23829c73c5fc6f4fcd5346a7780b274f72fee222"
  integrity sha1-I4Kcc8X8b0/NU0aneAsnT3L+4iI=

"@typescript-eslint/typescript-estree@4.8.1":
  version "4.8.1"
  resolved "https://repo.dev.wixpress.com/artifactory/api/npm/npm-repos/@typescript-eslint/typescript-estree/-/typescript-estree-4.8.1.tgz#7307e3f2c9e95df7daa8dc0a34b8c43b7ec0dd32"
  integrity sha1-cwfj8snpXffaqNwKNLjEO37A3TI=
  dependencies:
    "@typescript-eslint/types" "4.8.1"
    "@typescript-eslint/visitor-keys" "4.8.1"
    debug "^4.1.1"
    globby "^11.0.1"
    is-glob "^4.0.1"
    lodash "^4.17.15"
    semver "^7.3.2"
    tsutils "^3.17.1"

"@typescript-eslint/visitor-keys@4.8.1":
  version "4.8.1"
  resolved "https://repo.dev.wixpress.com/artifactory/api/npm/npm-repos/@typescript-eslint/visitor-keys/-/visitor-keys-4.8.1.tgz#794f68ee292d1b2e3aa9690ebedfcb3a8c90e3c3"
  integrity sha1-eU9o7iktGy46qWkOvt/LOoyQ48M=
  dependencies:
    "@typescript-eslint/types" "4.8.1"
    eslint-visitor-keys "^2.0.0"

acorn-jsx@^5.2.0:
  version "5.3.1"
  resolved "https://repo.dev.wixpress.com/artifactory/api/npm/npm-repos/acorn-jsx/-/acorn-jsx-5.3.1.tgz#fc8661e11b7ac1539c47dbfea2e72b3af34d267b"
  integrity sha1-/IZh4Rt6wVOcR9v+oucrOvNNJns=

acorn@^7.4.0:
  version "7.4.1"
  resolved "https://repo.dev.wixpress.com/artifactory/api/npm/npm-repos/acorn/-/acorn-7.4.1.tgz#feaed255973d2e77555b83dbc08851a6c63520fa"
  integrity sha1-/q7SVZc9LndVW4PbwIhRpsY1IPo=

ajv@^6.10.0, ajv@^6.10.2, ajv@^6.12.4:
  version "6.12.6"
  resolved "https://repo.dev.wixpress.com/artifactory/api/npm/npm-repos/ajv/-/ajv-6.12.6.tgz#baf5a62e802b07d977034586f8c3baf5adf26df4"
  integrity sha1-uvWmLoArB9l3A0WG+MO69a3ybfQ=
  dependencies:
    fast-deep-equal "^3.1.1"
    fast-json-stable-stringify "^2.0.0"
    json-schema-traverse "^0.4.1"
    uri-js "^4.2.2"

ansi-colors@^4.1.1:
  version "4.1.1"
  resolved "https://repo.dev.wixpress.com/artifactory/api/npm/npm-repos/ansi-colors/-/ansi-colors-4.1.1.tgz#cbb9ae256bf750af1eab344f229aa27fe94ba348"
  integrity sha1-y7muJWv3UK8eqzRPIpqif+lLo0g=

ansi-regex@^4.1.0:
  version "4.1.0"
  resolved "https://repo.dev.wixpress.com/artifactory/api/npm/npm-repos/ansi-regex/-/ansi-regex-4.1.0.tgz#8b9f8f08cf1acb843756a839ca8c7e3168c51997"
  integrity sha1-i5+PCM8ay4Q3Vqg5yox+MWjFGZc=

ansi-regex@^5.0.0:
  version "5.0.0"
  resolved "https://repo.dev.wixpress.com/artifactory/api/npm/npm-repos/ansi-regex/-/ansi-regex-5.0.0.tgz#388539f55179bf39339c81af30a654d69f87cb75"
  integrity sha1-OIU59VF5vzkznIGvMKZU1p+Hy3U=

ansi-styles@^3.2.0, ansi-styles@^3.2.1:
  version "3.2.1"
  resolved "https://repo.dev.wixpress.com/artifactory/api/npm/npm-repos/ansi-styles/-/ansi-styles-3.2.1.tgz#41fbb20243e50b12be0f04b8dedbf07520ce841d"
  integrity sha1-QfuyAkPlCxK+DwS43tvwdSDOhB0=
  dependencies:
    color-convert "^1.9.0"

ansi-styles@^4.1.0:
  version "4.3.0"
  resolved "https://repo.dev.wixpress.com/artifactory/api/npm/npm-repos/ansi-styles/-/ansi-styles-4.3.0.tgz#edd803628ae71c04c85ae7a0906edad34b648937"
  integrity sha1-7dgDYornHATIWuegkG7a00tkiTc=
  dependencies:
    color-convert "^2.0.1"

arg@^4.1.0:
  version "4.1.3"
  resolved "https://repo.dev.wixpress.com/artifactory/api/npm/npm-repos/arg/-/arg-4.1.3.tgz#269fc7ad5b8e42cb63c896d5666017261c144089"
  integrity sha1-Jp/HrVuOQstjyJbVZmAXJhwUQIk=

argparse@^1.0.7:
  version "1.0.10"
  resolved "https://repo.dev.wixpress.com/artifactory/api/npm/npm-repos/argparse/-/argparse-1.0.10.tgz#bcd6791ea5ae09725e17e5ad988134cd40b3d911"
  integrity sha1-vNZ5HqWuCXJeF+WtmIE0zUCz2RE=
  dependencies:
    sprintf-js "~1.0.2"

array-union@^2.1.0:
  version "2.1.0"
  resolved "https://repo.dev.wixpress.com/artifactory/api/npm/npm-repos/array-union/-/array-union-2.1.0.tgz#b798420adbeb1de828d84acd8a2e23d3efe85e8d"
  integrity sha1-t5hCCtvrHego2ErNii4j0+/oXo0=

astral-regex@^1.0.0:
  version "1.0.0"
  resolved "https://repo.dev.wixpress.com/artifactory/api/npm/npm-repos/astral-regex/-/astral-regex-1.0.0.tgz#6c8c3fb827dd43ee3918f27b82782ab7658a6fd9"
  integrity sha1-bIw/uCfdQ+45GPJ7gngqt2WKb9k=

at-least-node@^1.0.0:
  version "1.0.0"
  resolved "https://repo.dev.wixpress.com/artifactory/api/npm/npm-repos/at-least-node/-/at-least-node-1.0.0.tgz#602cd4b46e844ad4effc92a8011a3c46e0238dc2"
  integrity sha1-YCzUtG6EStTv/JKoARo8RuAjjcI=

balanced-match@^1.0.0:
  version "1.0.0"
  resolved "https://repo.dev.wixpress.com/artifactory/api/npm/npm-repos/balanced-match/-/balanced-match-1.0.0.tgz#89b4d199ab2bee49de164ea02b89ce462d71b767"
  integrity sha1-ibTRmasr7kneFk6gK4nORi1xt2c=

brace-expansion@^1.1.7:
  version "1.1.11"
  resolved "https://repo.dev.wixpress.com/artifactory/api/npm/npm-repos/brace-expansion/-/brace-expansion-1.1.11.tgz#3c7fcbf529d87226f3d2f52b966ff5271eb441dd"
  integrity sha1-PH/L9SnYcibz0vUrlm/1Jx60Qd0=
  dependencies:
    balanced-match "^1.0.0"
    concat-map "0.0.1"

braces@^3.0.1:
  version "3.0.2"
  resolved "https://repo.dev.wixpress.com/artifactory/api/npm/npm-repos/braces/-/braces-3.0.2.tgz#3454e1a462ee8d599e236df336cd9ea4f8afe107"
  integrity sha1-NFThpGLujVmeI23zNs2epPiv4Qc=
  dependencies:
    fill-range "^7.0.1"

buffer-from@^1.0.0:
  version "1.1.1"
  resolved "https://repo.dev.wixpress.com/artifactory/api/npm/npm-repos/buffer-from/-/buffer-from-1.1.1.tgz#32713bc028f75c02fdb710d7c7bcec1f2c6070ef"
  integrity sha1-MnE7wCj3XAL9txDXx7zsHyxgcO8=

callsites@^3.0.0:
  version "3.1.0"
  resolved "https://repo.dev.wixpress.com/artifactory/api/npm/npm-repos/callsites/-/callsites-3.1.0.tgz#b3630abd8943432f54b3f0519238e33cd7df2f73"
  integrity sha1-s2MKvYlDQy9Us/BRkjjjPNffL3M=

chalk@^2.0.0:
  version "2.4.2"
  resolved "https://repo.dev.wixpress.com/artifactory/api/npm/npm-repos/chalk/-/chalk-2.4.2.tgz#cd42541677a54333cf541a49108c1432b44c9424"
  integrity sha1-zUJUFnelQzPPVBpJEIwUMrRMlCQ=
  dependencies:
    ansi-styles "^3.2.1"
    escape-string-regexp "^1.0.5"
    supports-color "^5.3.0"

chalk@^4.0.0:
  version "4.1.0"
  resolved "https://repo.dev.wixpress.com/artifactory/api/npm/npm-repos/chalk/-/chalk-4.1.0.tgz#4e14870a618d9e2edd97dd8345fd9d9dc315646a"
  integrity sha1-ThSHCmGNni7dl92DRf2dncMVZGo=
  dependencies:
    ansi-styles "^4.1.0"
    supports-color "^7.1.0"

color-convert@^1.9.0:
  version "1.9.3"
  resolved "https://repo.dev.wixpress.com/artifactory/api/npm/npm-repos/color-convert/-/color-convert-1.9.3.tgz#bb71850690e1f136567de629d2d5471deda4c1e8"
  integrity sha1-u3GFBpDh8TZWfeYp0tVHHe2kweg=
  dependencies:
    color-name "1.1.3"

color-convert@^2.0.1:
  version "2.0.1"
  resolved "https://repo.dev.wixpress.com/artifactory/api/npm/npm-repos/color-convert/-/color-convert-2.0.1.tgz#72d3a68d598c9bdb3af2ad1e84f21d896abd4de3"
  integrity sha1-ctOmjVmMm9s68q0ehPIdiWq9TeM=
  dependencies:
    color-name "~1.1.4"

color-name@1.1.3:
  version "1.1.3"
  resolved "https://repo.dev.wixpress.com/artifactory/api/npm/npm-repos/color-name/-/color-name-1.1.3.tgz#a7d0558bd89c42f795dd42328f740831ca53bc25"
  integrity sha1-p9BVi9icQveV3UIyj3QIMcpTvCU=

color-name@~1.1.4:
  version "1.1.4"
  resolved "https://repo.dev.wixpress.com/artifactory/api/npm/npm-repos/color-name/-/color-name-1.1.4.tgz#c2a09a87acbde69543de6f63fa3995c826c536a2"
  integrity sha1-wqCah6y95pVD3m9j+jmVyCbFNqI=

concat-map@0.0.1:
  version "0.0.1"
  resolved "https://repo.dev.wixpress.com/artifactory/api/npm/npm-repos/concat-map/-/concat-map-0.0.1.tgz#d8a96bd77fd68df7793a73036a3ba0d5405d477b"
  integrity sha1-2Klr13/Wjfd5OnMDajug1UBdR3s=

cross-spawn@^7.0.2:
  version "7.0.3"
  resolved "https://repo.dev.wixpress.com/artifactory/api/npm/npm-repos/cross-spawn/-/cross-spawn-7.0.3.tgz#f73a85b9d5d41d045551c177e2882d4ac85728a6"
  integrity sha1-9zqFudXUHQRVUcF34ogtSshXKKY=
  dependencies:
    path-key "^3.1.0"
    shebang-command "^2.0.0"
    which "^2.0.1"

debug@^4.0.1, debug@^4.1.1:
  version "4.3.1"
  resolved "https://repo.dev.wixpress.com/artifactory/api/npm/npm-repos/debug/-/debug-4.3.1.tgz#f0d229c505e0c6d8c49ac553d1b13dc183f6b2ee"
  integrity sha1-8NIpxQXgxtjEmsVT0bE9wYP2su4=
  dependencies:
    ms "2.1.2"

deep-is@^0.1.3:
  version "0.1.3"
  resolved "https://repo.dev.wixpress.com/artifactory/api/npm/npm-repos/deep-is/-/deep-is-0.1.3.tgz#b369d6fb5dbc13eecf524f91b070feedc357cf34"
  integrity sha1-s2nW+128E+7PUk+RsHD+7cNXzzQ=

diff@^4.0.1:
  version "4.0.2"
  resolved "https://repo.dev.wixpress.com/artifactory/api/npm/npm-repos/diff/-/diff-4.0.2.tgz#60f3aecb89d5fae520c11aa19efc2bb982aade7d"
  integrity sha1-YPOuy4nV+uUgwRqhnvwruYKq3n0=

dir-glob@^3.0.1:
  version "3.0.1"
  resolved "https://repo.dev.wixpress.com/artifactory/api/npm/npm-repos/dir-glob/-/dir-glob-3.0.1.tgz#56dbf73d992a4a93ba1584f4534063fd2e41717f"
  integrity sha1-Vtv3PZkqSpO6FYT0U0Bj/S5BcX8=
  dependencies:
    path-type "^4.0.0"

doctrine@^3.0.0:
  version "3.0.0"
  resolved "https://repo.dev.wixpress.com/artifactory/api/npm/npm-repos/doctrine/-/doctrine-3.0.0.tgz#addebead72a6574db783639dc87a121773973961"
  integrity sha1-rd6+rXKmV023g2OdyHoSF3OXOWE=
  dependencies:
    esutils "^2.0.2"

emoji-regex@^7.0.1:
  version "7.0.3"
  resolved "https://repo.dev.wixpress.com/artifactory/api/npm/npm-repos/emoji-regex/-/emoji-regex-7.0.3.tgz#933a04052860c85e83c122479c4748a8e4c72156"
  integrity sha1-kzoEBShgyF6DwSJHnEdIqOTHIVY=

enquirer@^2.3.5:
  version "2.3.6"
  resolved "https://repo.dev.wixpress.com/artifactory/api/npm/npm-repos/enquirer/-/enquirer-2.3.6.tgz#2a7fe5dd634a1e4125a975ec994ff5456dc3734d"
  integrity sha1-Kn/l3WNKHkElqXXsmU/1RW3Dc00=
  dependencies:
    ansi-colors "^4.1.1"

escape-string-regexp@^1.0.5:
  version "1.0.5"
  resolved "https://repo.dev.wixpress.com/artifactory/api/npm/npm-repos/escape-string-regexp/-/escape-string-regexp-1.0.5.tgz#1b61c0562190a8dff6ae3bb2cf0200ca130b86d4"
  integrity sha1-G2HAViGQqN/2rjuyzwIAyhMLhtQ=

eslint-scope@^5.0.0, eslint-scope@^5.1.1:
  version "5.1.1"
  resolved "https://repo.dev.wixpress.com/artifactory/api/npm/npm-repos/eslint-scope/-/eslint-scope-5.1.1.tgz#e786e59a66cb92b3f6c1fb0d508aab174848f48c"
  integrity sha1-54blmmbLkrP2wfsNUIqrF0hI9Iw=
  dependencies:
    esrecurse "^4.3.0"
    estraverse "^4.1.1"

eslint-utils@^2.0.0, eslint-utils@^2.1.0:
  version "2.1.0"
  resolved "https://repo.dev.wixpress.com/artifactory/api/npm/npm-repos/eslint-utils/-/eslint-utils-2.1.0.tgz#d2de5e03424e707dc10c74068ddedae708741b27"
  integrity sha1-0t5eA0JOcH3BDHQGjd7a5wh0Gyc=
  dependencies:
    eslint-visitor-keys "^1.1.0"

eslint-visitor-keys@^1.1.0, eslint-visitor-keys@^1.3.0:
  version "1.3.0"
  resolved "https://repo.dev.wixpress.com/artifactory/api/npm/npm-repos/eslint-visitor-keys/-/eslint-visitor-keys-1.3.0.tgz#30ebd1ef7c2fdff01c3a4f151044af25fab0523e"
  integrity sha1-MOvR73wv3/AcOk8VEESvJfqwUj4=

eslint-visitor-keys@^2.0.0:
  version "2.0.0"
  resolved "https://repo.dev.wixpress.com/artifactory/api/npm/npm-repos/eslint-visitor-keys/-/eslint-visitor-keys-2.0.0.tgz#21fdc8fbcd9c795cc0321f0563702095751511a8"
  integrity sha1-If3I+82ceVzAMh8FY3AglXUVEag=

eslint@^7.13.0:
  version "7.13.0"
  resolved "https://repo.dev.wixpress.com/artifactory/api/npm/npm-repos/eslint/-/eslint-7.13.0.tgz#7f180126c0dcdef327bfb54b211d7802decc08da"
  integrity sha1-fxgBJsDc3vMnv7VLIR14At7MCNo=
  dependencies:
    "@babel/code-frame" "^7.0.0"
    "@eslint/eslintrc" "^0.2.1"
    ajv "^6.10.0"
    chalk "^4.0.0"
    cross-spawn "^7.0.2"
    debug "^4.0.1"
    doctrine "^3.0.0"
    enquirer "^2.3.5"
    eslint-scope "^5.1.1"
    eslint-utils "^2.1.0"
    eslint-visitor-keys "^2.0.0"
    espree "^7.3.0"
    esquery "^1.2.0"
    esutils "^2.0.2"
    file-entry-cache "^5.0.1"
    functional-red-black-tree "^1.0.1"
    glob-parent "^5.0.0"
    globals "^12.1.0"
    ignore "^4.0.6"
    import-fresh "^3.0.0"
    imurmurhash "^0.1.4"
    is-glob "^4.0.0"
    js-yaml "^3.13.1"
    json-stable-stringify-without-jsonify "^1.0.1"
    levn "^0.4.1"
    lodash "^4.17.19"
    minimatch "^3.0.4"
    natural-compare "^1.4.0"
    optionator "^0.9.1"
    progress "^2.0.0"
    regexpp "^3.1.0"
    semver "^7.2.1"
    strip-ansi "^6.0.0"
    strip-json-comments "^3.1.0"
    table "^5.2.3"
    text-table "^0.2.0"
    v8-compile-cache "^2.0.3"

espree@^7.3.0:
  version "7.3.0"
  resolved "https://repo.dev.wixpress.com/artifactory/api/npm/npm-repos/espree/-/espree-7.3.0.tgz#dc30437cf67947cf576121ebd780f15eeac72348"
  integrity sha1-3DBDfPZ5R89XYSHr14DxXurHI0g=
  dependencies:
    acorn "^7.4.0"
    acorn-jsx "^5.2.0"
    eslint-visitor-keys "^1.3.0"

esprima@^4.0.0:
  version "4.0.1"
  resolved "https://repo.dev.wixpress.com/artifactory/api/npm/npm-repos/esprima/-/esprima-4.0.1.tgz#13b04cdb3e6c5d19df91ab6987a8695619b0aa71"
  integrity sha1-E7BM2z5sXRnfkatph6hpVhmwqnE=

esquery@^1.2.0:
  version "1.3.1"
  resolved "https://repo.dev.wixpress.com/artifactory/api/npm/npm-repos/esquery/-/esquery-1.3.1.tgz#b78b5828aa8e214e29fb74c4d5b752e1c033da57"
  integrity sha1-t4tYKKqOIU4p+3TE1bdS4cAz2lc=
  dependencies:
    estraverse "^5.1.0"

esrecurse@^4.3.0:
  version "4.3.0"
  resolved "https://repo.dev.wixpress.com/artifactory/api/npm/npm-repos/esrecurse/-/esrecurse-4.3.0.tgz#7ad7964d679abb28bee72cec63758b1c5d2c9921"
  integrity sha1-eteWTWeauyi+5yzsY3WLHF0smSE=
  dependencies:
    estraverse "^5.2.0"

estraverse@^4.1.1:
  version "4.3.0"
  resolved "https://repo.dev.wixpress.com/artifactory/api/npm/npm-repos/estraverse/-/estraverse-4.3.0.tgz#398ad3f3c5a24948be7725e83d11a7de28cdbd1d"
  integrity sha1-OYrT88WiSUi+dyXoPRGn3ijNvR0=

estraverse@^5.1.0, estraverse@^5.2.0:
  version "5.2.0"
  resolved "https://repo.dev.wixpress.com/artifactory/api/npm/npm-repos/estraverse/-/estraverse-5.2.0.tgz#307df42547e6cc7324d3cf03c155d5cdb8c53880"
  integrity sha1-MH30JUfmzHMk088DwVXVzbjFOIA=

esutils@^2.0.2:
  version "2.0.3"
  resolved "https://repo.dev.wixpress.com/artifactory/api/npm/npm-repos/esutils/-/esutils-2.0.3.tgz#74d2eb4de0b8da1293711910d50775b9b710ef64"
  integrity sha1-dNLrTeC42hKTcRkQ1Qd1ubcQ72Q=

fast-deep-equal@^3.1.1:
  version "3.1.3"
  resolved "https://repo.dev.wixpress.com/artifactory/api/npm/npm-repos/fast-deep-equal/-/fast-deep-equal-3.1.3.tgz#3a7d56b559d6cbc3eb512325244e619a65c6c525"
  integrity sha1-On1WtVnWy8PrUSMlJE5hmmXGxSU=

fast-glob@^3.1.1:
  version "3.2.4"
  resolved "https://repo.dev.wixpress.com/artifactory/api/npm/npm-repos/fast-glob/-/fast-glob-3.2.4.tgz#d20aefbf99579383e7f3cc66529158c9b98554d3"
  integrity sha1-0grvv5lXk4Pn88xmUpFYybmFVNM=
  dependencies:
    "@nodelib/fs.stat" "^2.0.2"
    "@nodelib/fs.walk" "^1.2.3"
    glob-parent "^5.1.0"
    merge2 "^1.3.0"
    micromatch "^4.0.2"
    picomatch "^2.2.1"

fast-json-stable-stringify@^2.0.0:
  version "2.1.0"
  resolved "https://repo.dev.wixpress.com/artifactory/api/npm/npm-repos/fast-json-stable-stringify/-/fast-json-stable-stringify-2.1.0.tgz#874bf69c6f404c2b5d99c481341399fd55892633"
  integrity sha1-h0v2nG9ATCtdmcSBNBOZ/VWJJjM=

fast-levenshtein@^2.0.6:
  version "2.0.6"
  resolved "https://repo.dev.wixpress.com/artifactory/api/npm/npm-repos/fast-levenshtein/-/fast-levenshtein-2.0.6.tgz#3d8a5c66883a16a30ca8643e851f19baa7797917"
  integrity sha1-PYpcZog6FqMMqGQ+hR8Zuqd5eRc=

fastq@^1.6.0:
  version "1.9.0"
  resolved "https://repo.dev.wixpress.com/artifactory/api/npm/npm-repos/fastq/-/fastq-1.9.0.tgz#e16a72f338eaca48e91b5c23593bcc2ef66b7947"
  integrity sha1-4Wpy8zjqykjpG1wjWTvMLvZreUc=
  dependencies:
    reusify "^1.0.4"

file-entry-cache@^5.0.1:
  version "5.0.1"
  resolved "https://repo.dev.wixpress.com/artifactory/api/npm/npm-repos/file-entry-cache/-/file-entry-cache-5.0.1.tgz#ca0f6efa6dd3d561333fb14515065c2fafdf439c"
  integrity sha1-yg9u+m3T1WEzP7FFFQZcL6/fQ5w=
  dependencies:
    flat-cache "^2.0.1"

fill-range@^7.0.1:
  version "7.0.1"
  resolved "https://repo.dev.wixpress.com/artifactory/api/npm/npm-repos/fill-range/-/fill-range-7.0.1.tgz#1919a6a7c75fe38b2c7c77e5198535da9acdda40"
  integrity sha1-GRmmp8df44ssfHflGYU12prN2kA=
  dependencies:
    to-regex-range "^5.0.1"

flat-cache@^2.0.1:
  version "2.0.1"
  resolved "https://repo.dev.wixpress.com/artifactory/api/npm/npm-repos/flat-cache/-/flat-cache-2.0.1.tgz#5d296d6f04bda44a4630a301413bdbc2ec085ec0"
  integrity sha1-XSltbwS9pEpGMKMBQTvbwuwIXsA=
  dependencies:
    flatted "^2.0.0"
    rimraf "2.6.3"
    write "1.0.3"

flatted@^2.0.0:
  version "2.0.2"
  resolved "https://repo.dev.wixpress.com/artifactory/api/npm/npm-repos/flatted/-/flatted-2.0.2.tgz#4575b21e2bcee7434aa9be662f4b7b5f9c2b5138"
  integrity sha1-RXWyHivO50NKqb5mL0t7X5wrUTg=

fs-extra@^9.0.1:
  version "9.0.1"
  resolved "https://repo.dev.wixpress.com/artifactory/api/npm/npm-repos/fs-extra/-/fs-extra-9.0.1.tgz#910da0062437ba4c39fedd863f1675ccfefcb9fc"
  integrity sha1-kQ2gBiQ3ukw5/t2GPxZ1zP78ufw=
  dependencies:
    at-least-node "^1.0.0"
    graceful-fs "^4.2.0"
    jsonfile "^6.0.1"
    universalify "^1.0.0"

fs.realpath@^1.0.0:
  version "1.0.0"
  resolved "https://repo.dev.wixpress.com/artifactory/api/npm/npm-repos/fs.realpath/-/fs.realpath-1.0.0.tgz#1504ad2523158caa40db4a2787cb01411994ea4f"
  integrity sha1-FQStJSMVjKpA20onh8sBQRmU6k8=

functional-red-black-tree@^1.0.1:
  version "1.0.1"
  resolved "https://repo.dev.wixpress.com/artifactory/api/npm/npm-repos/functional-red-black-tree/-/functional-red-black-tree-1.0.1.tgz#1b0ab3bd553b2a0d6399d29c0e3ea0b252078327"
  integrity sha1-GwqzvVU7Kg1jmdKcDj6gslIHgyc=

glob-parent@^5.0.0, glob-parent@^5.1.0:
  version "5.1.1"
  resolved "https://repo.dev.wixpress.com/artifactory/api/npm/npm-repos/glob-parent/-/glob-parent-5.1.1.tgz#b6c1ef417c4e5663ea498f1c45afac6916bbc229"
  integrity sha1-tsHvQXxOVmPqSY8cRa+saRa7wik=
  dependencies:
    is-glob "^4.0.1"

glob@^7.1.3:
  version "7.1.6"
  resolved "https://repo.dev.wixpress.com/artifactory/api/npm/npm-repos/glob/-/glob-7.1.6.tgz#141f33b81a7c2492e125594307480c46679278a6"
  integrity sha1-FB8zuBp8JJLhJVlDB0gMRmeSeKY=
  dependencies:
    fs.realpath "^1.0.0"
    inflight "^1.0.4"
    inherits "2"
    minimatch "^3.0.4"
    once "^1.3.0"
    path-is-absolute "^1.0.0"

globals@^12.1.0:
  version "12.4.0"
  resolved "https://repo.dev.wixpress.com/artifactory/api/npm/npm-repos/globals/-/globals-12.4.0.tgz#a18813576a41b00a24a97e7f815918c2e19925f8"
  integrity sha1-oYgTV2pBsAokqX5/gVkYwuGZJfg=
  dependencies:
    type-fest "^0.8.1"

globby@*, globby@^11.0.1:
  version "11.0.1"
  resolved "https://repo.dev.wixpress.com/artifactory/api/npm/npm-repos/globby/-/globby-11.0.1.tgz#9a2bf107a068f3ffeabc49ad702c79ede8cfd357"
  integrity sha1-mivxB6Bo8//qvEmtcCx57ejP01c=
  dependencies:
    array-union "^2.1.0"
    dir-glob "^3.0.1"
    fast-glob "^3.1.1"
    ignore "^5.1.4"
    merge2 "^1.3.0"
    slash "^3.0.0"

graceful-fs@^4.1.6, graceful-fs@^4.2.0:
  version "4.2.4"
  resolved "https://repo.dev.wixpress.com/artifactory/api/npm/npm-repos/graceful-fs/-/graceful-fs-4.2.4.tgz#2256bde14d3632958c465ebc96dc467ca07a29fb"
  integrity sha1-Ila94U02MpWMRl68ltxGfKB6Kfs=

has-flag@^3.0.0:
  version "3.0.0"
  resolved "https://repo.dev.wixpress.com/artifactory/api/npm/npm-repos/has-flag/-/has-flag-3.0.0.tgz#b5d454dc2199ae225699f3467e5a07f3b955bafd"
  integrity sha1-tdRU3CGZriJWmfNGfloH87lVuv0=

has-flag@^4.0.0:
  version "4.0.0"
  resolved "https://repo.dev.wixpress.com/artifactory/api/npm/npm-repos/has-flag/-/has-flag-4.0.0.tgz#944771fd9c81c81265c4d6941860da06bb59479b"
  integrity sha1-lEdx/ZyByBJlxNaUGGDaBrtZR5s=

ignore@^4.0.6:
  version "4.0.6"
  resolved "https://repo.dev.wixpress.com/artifactory/api/npm/npm-repos/ignore/-/ignore-4.0.6.tgz#750e3db5862087b4737ebac8207ffd1ef27b25fc"
  integrity sha1-dQ49tYYgh7RzfrrIIH/9HvJ7Jfw=

ignore@^5.1.4:
  version "5.1.8"
  resolved "https://repo.dev.wixpress.com/artifactory/api/npm/npm-repos/ignore/-/ignore-5.1.8.tgz#f150a8b50a34289b33e22f5889abd4d8016f0e57"
  integrity sha1-8VCotQo0KJsz4i9YiavU2AFvDlc=

import-fresh@^3.0.0, import-fresh@^3.2.1:
  version "3.2.2"
  resolved "https://repo.dev.wixpress.com/artifactory/api/npm/npm-repos/import-fresh/-/import-fresh-3.2.2.tgz#fc129c160c5d68235507f4331a6baad186bdbc3e"
  integrity sha1-/BKcFgxdaCNVB/QzGmuq0Ya9vD4=
  dependencies:
    parent-module "^1.0.0"
    resolve-from "^4.0.0"

imurmurhash@^0.1.4:
  version "0.1.4"
  resolved "https://repo.dev.wixpress.com/artifactory/api/npm/npm-repos/imurmurhash/-/imurmurhash-0.1.4.tgz#9218b9b2b928a238b13dc4fb6b6d576f231453ea"
  integrity sha1-khi5srkoojixPcT7a21XbyMUU+o=

inflight@^1.0.4:
  version "1.0.6"
  resolved "https://repo.dev.wixpress.com/artifactory/api/npm/npm-repos/inflight/-/inflight-1.0.6.tgz#49bd6331d7d02d0c09bc910a1075ba8165b56df9"
  integrity sha1-Sb1jMdfQLQwJvJEKEHW6gWW1bfk=
  dependencies:
    once "^1.3.0"
    wrappy "1"

inherits@2:
  version "2.0.4"
  resolved "https://repo.dev.wixpress.com/artifactory/api/npm/npm-repos/inherits/-/inherits-2.0.4.tgz#0fa2c64f932917c3433a0ded55363aae37416b7c"
  integrity sha1-D6LGT5MpF8NDOg3tVTY6rjdBa3w=

is-extglob@^2.1.1:
  version "2.1.1"
  resolved "https://repo.dev.wixpress.com/artifactory/api/npm/npm-repos/is-extglob/-/is-extglob-2.1.1.tgz#a88c02535791f02ed37c76a1b9ea9773c833f8c2"
  integrity sha1-qIwCU1eR8C7TfHahueqXc8gz+MI=

is-fullwidth-code-point@^2.0.0:
  version "2.0.0"
  resolved "https://repo.dev.wixpress.com/artifactory/api/npm/npm-repos/is-fullwidth-code-point/-/is-fullwidth-code-point-2.0.0.tgz#a3b30a5c4f199183167aaab93beefae3ddfb654f"
  integrity sha1-o7MKXE8ZkYMWeqq5O+764937ZU8=

is-glob@^4.0.0, is-glob@^4.0.1:
  version "4.0.1"
  resolved "https://repo.dev.wixpress.com/artifactory/api/npm/npm-repos/is-glob/-/is-glob-4.0.1.tgz#7567dbe9f2f5e2467bc77ab83c4a29482407a5dc"
  integrity sha1-dWfb6fL14kZ7x3q4PEopSCQHpdw=
  dependencies:
    is-extglob "^2.1.1"

is-number@^7.0.0:
  version "7.0.0"
  resolved "https://repo.dev.wixpress.com/artifactory/api/npm/npm-repos/is-number/-/is-number-7.0.0.tgz#7535345b896734d5f80c4d06c50955527a14f12b"
  integrity sha1-dTU0W4lnNNX4DE0GxQlVUnoU8Ss=

isexe@^2.0.0:
  version "2.0.0"
  resolved "https://repo.dev.wixpress.com/artifactory/api/npm/npm-repos/isexe/-/isexe-2.0.0.tgz#e8fbf374dc556ff8947a10dcb0572d633f2cfa10"
  integrity sha1-6PvzdNxVb/iUehDcsFctYz8s+hA=

js-tokens@^4.0.0:
  version "4.0.0"
  resolved "https://repo.dev.wixpress.com/artifactory/api/npm/npm-repos/js-tokens/-/js-tokens-4.0.0.tgz#19203fb59991df98e3a287050d4647cdeaf32499"
  integrity sha1-GSA/tZmR35jjoocFDUZHzerzJJk=

js-yaml@^3.13.1:
  version "3.14.0"
  resolved "https://repo.dev.wixpress.com/artifactory/api/npm/npm-repos/js-yaml/-/js-yaml-3.14.0.tgz#a7a34170f26a21bb162424d8adacb4113a69e482"
  integrity sha1-p6NBcPJqIbsWJCTYray0ETpp5II=
  dependencies:
    argparse "^1.0.7"
    esprima "^4.0.0"

json-schema-traverse@^0.4.1:
  version "0.4.1"
  resolved "https://repo.dev.wixpress.com/artifactory/api/npm/npm-repos/json-schema-traverse/-/json-schema-traverse-0.4.1.tgz#69f6a87d9513ab8bb8fe63bdb0979c448e684660"
  integrity sha1-afaofZUTq4u4/mO9sJecRI5oRmA=

json-stable-stringify-without-jsonify@^1.0.1:
  version "1.0.1"
  resolved "https://repo.dev.wixpress.com/artifactory/api/npm/npm-repos/json-stable-stringify-without-jsonify/-/json-stable-stringify-without-jsonify-1.0.1.tgz#9db7b59496ad3f3cfef30a75142d2d930ad72651"
  integrity sha1-nbe1lJatPzz+8wp1FC0tkwrXJlE=

jsonfile@^6.0.1:
  version "6.1.0"
  resolved "https://repo.dev.wixpress.com/artifactory/api/npm/npm-repos/jsonfile/-/jsonfile-6.1.0.tgz#bc55b2634793c679ec6403094eb13698a6ec0aae"
  integrity sha1-vFWyY0eTxnnsZAMJTrE2mKbsCq4=
  dependencies:
    universalify "^2.0.0"
  optionalDependencies:
    graceful-fs "^4.1.6"

levn@^0.4.1:
  version "0.4.1"
  resolved "https://repo.dev.wixpress.com/artifactory/api/npm/npm-repos/levn/-/levn-0.4.1.tgz#ae4562c007473b932a6200d403268dd2fffc6ade"
  integrity sha1-rkViwAdHO5MqYgDUAyaN0v/8at4=
  dependencies:
    prelude-ls "^1.2.1"
    type-check "~0.4.0"

lodash@^4.17.14, lodash@^4.17.15, lodash@^4.17.19:
  version "4.17.20"
  resolved "https://repo.dev.wixpress.com/artifactory/api/npm/npm-repos/lodash/-/lodash-4.17.20.tgz#b44a9b6297bcb698f1c51a3545a2b3b368d59c52"
  integrity sha1-tEqbYpe8tpjxxRo1RaKzs2jVnFI=

make-error@^1.1.1:
  version "1.3.6"
  resolved "https://repo.dev.wixpress.com/artifactory/api/npm/npm-repos/make-error/-/make-error-1.3.6.tgz#2eb2e37ea9b67c4891f684a1394799af484cf7a2"
  integrity sha1-LrLjfqm2fEiR9oShOUeZr0hM96I=

merge2@^1.3.0:
  version "1.4.1"
  resolved "https://repo.dev.wixpress.com/artifactory/api/npm/npm-repos/merge2/-/merge2-1.4.1.tgz#4368892f885e907455a6fd7dc55c0c9d404990ae"
  integrity sha1-Q2iJL4hekHRVpv19xVwMnUBJkK4=

micromatch@^4.0.2:
  version "4.0.2"
  resolved "https://repo.dev.wixpress.com/artifactory/api/npm/npm-repos/micromatch/-/micromatch-4.0.2.tgz#4fcb0999bf9fbc2fcbdd212f6d629b9a56c39259"
  integrity sha1-T8sJmb+fvC/L3SEvbWKbmlbDklk=
  dependencies:
    braces "^3.0.1"
    picomatch "^2.0.5"

minimatch@^3.0.4:
  version "3.0.4"
  resolved "https://repo.dev.wixpress.com/artifactory/api/npm/npm-repos/minimatch/-/minimatch-3.0.4.tgz#5166e286457f03306064be5497e8dbb0c3d32083"
  integrity sha1-UWbihkV/AzBgZL5Ul+jbsMPTIIM=
  dependencies:
    brace-expansion "^1.1.7"

minimist@^1.2.5:
  version "1.2.5"
  resolved "https://repo.dev.wixpress.com/artifactory/api/npm/npm-repos/minimist/-/minimist-1.2.5.tgz#67d66014b66a6a8aaa0c083c5fd58df4e4e97602"
  integrity sha1-Z9ZgFLZqaoqqDAg8X9WN9OTpdgI=

mkdirp@^0.5.1:
  version "0.5.5"
  resolved "https://repo.dev.wixpress.com/artifactory/api/npm/npm-repos/mkdirp/-/mkdirp-0.5.5.tgz#d91cefd62d1436ca0f41620e251288d420099def"
  integrity sha1-2Rzv1i0UNsoPQWIOJRKI1CAJne8=
  dependencies:
    minimist "^1.2.5"

ms@2.1.2:
  version "2.1.2"
  resolved "https://repo.dev.wixpress.com/artifactory/api/npm/npm-repos/ms/-/ms-2.1.2.tgz#d09d1f357b443f493382a8eb3ccd183872ae6009"
  integrity sha1-0J0fNXtEP0kzgqjrPM0YOHKuYAk=

natural-compare@^1.4.0:
  version "1.4.0"
  resolved "https://repo.dev.wixpress.com/artifactory/api/npm/npm-repos/natural-compare/-/natural-compare-1.4.0.tgz#4abebfeed7541f2c27acfb29bdbbd15c8d5ba4f7"
  integrity sha1-Sr6/7tdUHywnrPspvbvRXI1bpPc=

once@^1.3.0:
  version "1.4.0"
  resolved "https://repo.dev.wixpress.com/artifactory/api/npm/npm-repos/once/-/once-1.4.0.tgz#583b1aa775961d4b113ac17d9c50baef9dd76bd1"
  integrity sha1-WDsap3WWHUsROsF9nFC6753Xa9E=
  dependencies:
    wrappy "1"

optionator@^0.9.1:
  version "0.9.1"
  resolved "https://repo.dev.wixpress.com/artifactory/api/npm/npm-repos/optionator/-/optionator-0.9.1.tgz#4f236a6373dae0566a6d43e1326674f50c291499"
  integrity sha1-TyNqY3Pa4FZqbUPhMmZ09QwpFJk=
  dependencies:
    deep-is "^0.1.3"
    fast-levenshtein "^2.0.6"
    levn "^0.4.1"
    prelude-ls "^1.2.1"
    type-check "^0.4.0"
    word-wrap "^1.2.3"

parent-module@^1.0.0:
  version "1.0.1"
  resolved "https://repo.dev.wixpress.com/artifactory/api/npm/npm-repos/parent-module/-/parent-module-1.0.1.tgz#691d2709e78c79fae3a156622452d00762caaaa2"
  integrity sha1-aR0nCeeMefrjoVZiJFLQB2LKqqI=
  dependencies:
    callsites "^3.0.0"

path-is-absolute@^1.0.0:
  version "1.0.1"
  resolved "https://repo.dev.wixpress.com/artifactory/api/npm/npm-repos/path-is-absolute/-/path-is-absolute-1.0.1.tgz#174b9268735534ffbc7ace6bf53a5a9e1b5c5f5f"
  integrity sha1-F0uSaHNVNP+8es5r9TpanhtcX18=

path-key@^3.1.0:
  version "3.1.1"
  resolved "https://repo.dev.wixpress.com/artifactory/api/npm/npm-repos/path-key/-/path-key-3.1.1.tgz#581f6ade658cbba65a0d3380de7753295054f375"
  integrity sha1-WB9q3mWMu6ZaDTOA3ndTKVBU83U=

path-type@^4.0.0:
  version "4.0.0"
  resolved "https://repo.dev.wixpress.com/artifactory/api/npm/npm-repos/path-type/-/path-type-4.0.0.tgz#84ed01c0a7ba380afe09d90a8c180dcd9d03043b"
  integrity sha1-hO0BwKe6OAr+CdkKjBgNzZ0DBDs=

picomatch@^2.0.5, picomatch@^2.2.1:
  version "2.2.2"
  resolved "https://repo.dev.wixpress.com/artifactory/api/npm/npm-repos/picomatch/-/picomatch-2.2.2.tgz#21f333e9b6b8eaff02468f5146ea406d345f4dad"
  integrity sha1-IfMz6ba46v8CRo9RRupAbTRfTa0=

prelude-ls@^1.2.1:
  version "1.2.1"
  resolved "https://repo.dev.wixpress.com/artifactory/api/npm/npm-repos/prelude-ls/-/prelude-ls-1.2.1.tgz#debc6489d7a6e6b0e7611888cec880337d316396"
  integrity sha1-3rxkidem5rDnYRiIzsiAM30xY5Y=

progress@^2.0.0:
  version "2.0.3"
  resolved "https://repo.dev.wixpress.com/artifactory/api/npm/npm-repos/progress/-/progress-2.0.3.tgz#7e8cf8d8f5b8f239c1bc68beb4eb78567d572ef8"
  integrity sha1-foz42PW48jnBvGi+tOt4Vn1XLvg=

punycode@^2.1.0:
  version "2.1.1"
  resolved "https://repo.dev.wixpress.com/artifactory/api/npm/npm-repos/punycode/-/punycode-2.1.1.tgz#b58b010ac40c22c5657616c8d2c2c02c7bf479ec"
  integrity sha1-tYsBCsQMIsVldhbI0sLALHv0eew=

regexpp@^3.0.0, regexpp@^3.1.0:
  version "3.1.0"
  resolved "https://repo.dev.wixpress.com/artifactory/api/npm/npm-repos/regexpp/-/regexpp-3.1.0.tgz#206d0ad0a5648cffbdb8ae46438f3dc51c9f78e2"
  integrity sha1-IG0K0KVkjP+9uK5GQ489xRyfeOI=

resolve-from@^4.0.0:
  version "4.0.0"
  resolved "https://repo.dev.wixpress.com/artifactory/api/npm/npm-repos/resolve-from/-/resolve-from-4.0.0.tgz#4abcd852ad32dd7baabfe9b40e00a36db5f392e6"
  integrity sha1-SrzYUq0y3Xuqv+m0DgCjbbXzkuY=

reusify@^1.0.4:
  version "1.0.4"
  resolved "https://repo.dev.wixpress.com/artifactory/api/npm/npm-repos/reusify/-/reusify-1.0.4.tgz#90da382b1e126efc02146e90845a88db12925d76"
  integrity sha1-kNo4Kx4SbvwCFG6QhFqI2xKSXXY=

rimraf@2.6.3:
  version "2.6.3"
  resolved "https://repo.dev.wixpress.com/artifactory/api/npm/npm-repos/rimraf/-/rimraf-2.6.3.tgz#b2d104fe0d8fb27cf9e0a1cda8262dd3833c6cab"
  integrity sha1-stEE/g2Psnz54KHNqCYt04M8bKs=
  dependencies:
    glob "^7.1.3"

run-parallel@^1.1.9:
  version "1.1.10"
  resolved "https://repo.dev.wixpress.com/artifactory/api/npm/npm-repos/run-parallel/-/run-parallel-1.1.10.tgz#60a51b2ae836636c81377df16cb107351bcd13ef"
  integrity sha1-YKUbKug2Y2yBN33xbLEHNRvNE+8=

semver@^7.2.1, semver@^7.3.2:
  version "7.3.2"
  resolved "https://repo.dev.wixpress.com/artifactory/api/npm/npm-repos/semver/-/semver-7.3.2.tgz#604962b052b81ed0786aae84389ffba70ffd3938"
  integrity sha1-YElisFK4HtB4aq6EOJ/7pw/9OTg=

shebang-command@^2.0.0:
  version "2.0.0"
  resolved "https://repo.dev.wixpress.com/artifactory/api/npm/npm-repos/shebang-command/-/shebang-command-2.0.0.tgz#ccd0af4f8835fbdc265b82461aaf0c36663f34ea"
  integrity sha1-zNCvT4g1+9wmW4JGGq8MNmY/NOo=
  dependencies:
    shebang-regex "^3.0.0"

shebang-regex@^3.0.0:
  version "3.0.0"
  resolved "https://repo.dev.wixpress.com/artifactory/api/npm/npm-repos/shebang-regex/-/shebang-regex-3.0.0.tgz#ae16f1644d873ecad843b0307b143362d4c42172"
  integrity sha1-rhbxZE2HPsrYQ7AwexQzYtTEIXI=

slash@^3.0.0:
  version "3.0.0"
  resolved "https://repo.dev.wixpress.com/artifactory/api/npm/npm-repos/slash/-/slash-3.0.0.tgz#6539be870c165adbd5240220dbe361f1bc4d4634"
  integrity sha1-ZTm+hwwWWtvVJAIg2+Nh8bxNRjQ=

slice-ansi@^2.1.0:
  version "2.1.0"
  resolved "https://repo.dev.wixpress.com/artifactory/api/npm/npm-repos/slice-ansi/-/slice-ansi-2.1.0.tgz#cacd7693461a637a5788d92a7dd4fba068e81636"
  integrity sha1-ys12k0YaY3pXiNkqfdT7oGjoFjY=
  dependencies:
    ansi-styles "^3.2.0"
    astral-regex "^1.0.0"
    is-fullwidth-code-point "^2.0.0"

source-map-support@^0.5.17:
  version "0.5.19"
  resolved "https://repo.dev.wixpress.com/artifactory/api/npm/npm-repos/source-map-support/-/source-map-support-0.5.19.tgz#a98b62f86dcaf4f67399648c085291ab9e8fed61"
  integrity sha1-qYti+G3K9PZzmWSMCFKRq56P7WE=
  dependencies:
    buffer-from "^1.0.0"
    source-map "^0.6.0"

source-map@^0.6.0:
  version "0.6.1"
  resolved "https://repo.dev.wixpress.com/artifactory/api/npm/npm-repos/source-map/-/source-map-0.6.1.tgz#74722af32e9614e9c287a8d0bbde48b5e2f1a263"
  integrity sha1-dHIq8y6WFOnCh6jQu95IteLxomM=

sprintf-js@~1.0.2:
  version "1.0.3"
  resolved "https://repo.dev.wixpress.com/artifactory/api/npm/npm-repos/sprintf-js/-/sprintf-js-1.0.3.tgz#04e6926f662895354f3dd015203633b857297e2c"
  integrity sha1-BOaSb2YolTVPPdAVIDYzuFcpfiw=

string-width@^3.0.0:
  version "3.1.0"
  resolved "https://repo.dev.wixpress.com/artifactory/api/npm/npm-repos/string-width/-/string-width-3.1.0.tgz#22767be21b62af1081574306f69ac51b62203961"
  integrity sha1-InZ74htirxCBV0MG9prFG2IgOWE=
  dependencies:
    emoji-regex "^7.0.1"
    is-fullwidth-code-point "^2.0.0"
    strip-ansi "^5.1.0"

strip-ansi@^5.1.0:
  version "5.2.0"
  resolved "https://repo.dev.wixpress.com/artifactory/api/npm/npm-repos/strip-ansi/-/strip-ansi-5.2.0.tgz#8c9a536feb6afc962bdfa5b104a5091c1ad9c0ae"
  integrity sha1-jJpTb+tq/JYr36WxBKUJHBrZwK4=
  dependencies:
    ansi-regex "^4.1.0"

strip-ansi@^6.0.0:
  version "6.0.0"
  resolved "https://repo.dev.wixpress.com/artifactory/api/npm/npm-repos/strip-ansi/-/strip-ansi-6.0.0.tgz#0b1571dd7669ccd4f3e06e14ef1eed26225ae532"
  integrity sha1-CxVx3XZpzNTz4G4U7x7tJiJa5TI=
  dependencies:
    ansi-regex "^5.0.0"

strip-json-comments@^3.1.0, strip-json-comments@^3.1.1:
  version "3.1.1"
  resolved "https://repo.dev.wixpress.com/artifactory/api/npm/npm-repos/strip-json-comments/-/strip-json-comments-3.1.1.tgz#31f1281b3832630434831c310c01cccda8cbe006"
  integrity sha1-MfEoGzgyYwQ0gxwxDAHMzajL4AY=

supports-color@^5.3.0:
  version "5.5.0"
  resolved "https://repo.dev.wixpress.com/artifactory/api/npm/npm-repos/supports-color/-/supports-color-5.5.0.tgz#e2e69a44ac8772f78a1ec0b35b689df6530efc8f"
  integrity sha1-4uaaRKyHcveKHsCzW2id9lMO/I8=
  dependencies:
    has-flag "^3.0.0"

supports-color@^7.1.0:
  version "7.2.0"
  resolved "https://repo.dev.wixpress.com/artifactory/api/npm/npm-repos/supports-color/-/supports-color-7.2.0.tgz#1b7dcdcb32b8138801b3e478ba6a51caa89648da"
  integrity sha1-G33NyzK4E4gBs+R4umpRyqiWSNo=
  dependencies:
    has-flag "^4.0.0"

table@^5.2.3:
  version "5.4.6"
  resolved "https://repo.dev.wixpress.com/artifactory/api/npm/npm-repos/table/-/table-5.4.6.tgz#1292d19500ce3f86053b05f0e8e7e4a3bb21079e"
  integrity sha1-EpLRlQDOP4YFOwXw6Ofko7shB54=
  dependencies:
    ajv "^6.10.2"
    lodash "^4.17.14"
    slice-ansi "^2.1.0"
    string-width "^3.0.0"

text-table@^0.2.0:
  version "0.2.0"
  resolved "https://repo.dev.wixpress.com/artifactory/api/npm/npm-repos/text-table/-/text-table-0.2.0.tgz#7f5ee823ae805207c00af2df4a84ec3fcfa570b4"
  integrity sha1-f17oI66AUgfACvLfSoTsP8+lcLQ=

to-regex-range@^5.0.1:
  version "5.0.1"
  resolved "https://repo.dev.wixpress.com/artifactory/api/npm/npm-repos/to-regex-range/-/to-regex-range-5.0.1.tgz#1648c44aae7c8d988a326018ed72f5b4dd0392e4"
  integrity sha1-FkjESq58jZiKMmAY7XL1tN0DkuQ=
  dependencies:
    is-number "^7.0.0"

ts-node@^9.0.0:
  version "9.0.0"
  resolved "https://repo.dev.wixpress.com/artifactory/api/npm/npm-repos/ts-node/-/ts-node-9.0.0.tgz#e7699d2a110cc8c0d3b831715e417688683460b3"
  integrity sha1-52mdKhEMyMDTuDFxXkF2iGg0YLM=
  dependencies:
    arg "^4.1.0"
    diff "^4.0.1"
    make-error "^1.1.1"
    source-map-support "^0.5.17"
    yn "3.1.1"

tslib@^1.8.1:
  version "1.14.1"
  resolved "https://repo.dev.wixpress.com/artifactory/api/npm/npm-repos/tslib/-/tslib-1.14.1.tgz#cf2d38bdc34a134bcaf1091c41f6619e2f672d00"
  integrity sha1-zy04vcNKE0vK8QkcQfZhni9nLQA=

tsutils@^3.17.1:
  version "3.17.1"
  resolved "https://repo.dev.wixpress.com/artifactory/api/npm/npm-repos/tsutils/-/tsutils-3.17.1.tgz#ed719917f11ca0dee586272b2ac49e015a2dd759"
  integrity sha1-7XGZF/EcoN7lhicrKsSeAVot11k=
  dependencies:
    tslib "^1.8.1"

type-check@^0.4.0, type-check@~0.4.0:
  version "0.4.0"
  resolved "https://repo.dev.wixpress.com/artifactory/api/npm/npm-repos/type-check/-/type-check-0.4.0.tgz#07b8203bfa7056c0657050e3ccd2c37730bab8f1"
  integrity sha1-B7ggO/pwVsBlcFDjzNLDdzC6uPE=
  dependencies:
    prelude-ls "^1.2.1"

type-fest@^0.8.1:
  version "0.8.1"
  resolved "https://repo.dev.wixpress.com/artifactory/api/npm/npm-repos/type-fest/-/type-fest-0.8.1.tgz#09e249ebde851d3b1e48d27c105444667f17b83d"
  integrity sha1-CeJJ696FHTseSNJ8EFREZn8XuD0=

typescript@^4.0.5:
  version "4.0.5"
  resolved "https://repo.dev.wixpress.com/artifactory/api/npm/npm-repos/typescript/-/typescript-4.0.5.tgz#ae9dddfd1069f1cb5beb3ef3b2170dd7c1332389"
  integrity sha1-rp3d/RBp8ctb6z7zshcN18EzI4k=

universalify@^1.0.0:
  version "1.0.0"
  resolved "https://repo.dev.wixpress.com/artifactory/api/npm/npm-repos/universalify/-/universalify-1.0.0.tgz#b61a1da173e8435b2fe3c67d29b9adf8594bd16d"
  integrity sha1-thodoXPoQ1sv48Z9Kbmt+FlL0W0=

universalify@^2.0.0:
  version "2.0.0"
  resolved "https://repo.dev.wixpress.com/artifactory/api/npm/npm-repos/universalify/-/universalify-2.0.0.tgz#75a4984efedc4b08975c5aeb73f530d02df25717"
  integrity sha1-daSYTv7cSwiXXFrrc/Uw0C3yVxc=

uri-js@^4.2.2:
  version "4.4.0"
  resolved "https://repo.dev.wixpress.com/artifactory/api/npm/npm-repos/uri-js/-/uri-js-4.4.0.tgz#aa714261de793e8a82347a7bcc9ce74e86f28602"
  integrity sha1-qnFCYd55PoqCNHp7zJznTobyhgI=
  dependencies:
    punycode "^2.1.0"

v8-compile-cache@^2.0.3:
  version "2.2.0"
  resolved "https://repo.dev.wixpress.com/artifactory/api/npm/npm-repos/v8-compile-cache/-/v8-compile-cache-2.2.0.tgz#9471efa3ef9128d2f7c6a7ca39c4dd6b5055b132"
  integrity sha1-lHHvo++RKNL3xqfKOcTda1BVsTI=

which@^2.0.1:
  version "2.0.2"
  resolved "https://repo.dev.wixpress.com/artifactory/api/npm/npm-repos/which/-/which-2.0.2.tgz#7c6a8dd0a636a0327e10b59c9286eee93f3f51b1"
  integrity sha1-fGqN0KY2oDJ+ELWckobu6T8/UbE=
  dependencies:
    isexe "^2.0.0"

word-wrap@^1.2.3:
  version "1.2.3"
  resolved "https://repo.dev.wixpress.com/artifactory/api/npm/npm-repos/word-wrap/-/word-wrap-1.2.3.tgz#610636f6b1f703891bd34771ccb17fb93b47079c"
  integrity sha1-YQY29rH3A4kb00dxzLF/uTtHB5w=

wrappy@1:
  version "1.0.2"
  resolved "https://repo.dev.wixpress.com/artifactory/api/npm/npm-repos/wrappy/-/wrappy-1.0.2.tgz#b5243d8f3ec1aa35f1364605bc0d1036e30ab69f"
  integrity sha1-tSQ9jz7BqjXxNkYFvA0QNuMKtp8=

write@1.0.3:
  version "1.0.3"
  resolved "https://repo.dev.wixpress.com/artifactory/api/npm/npm-repos/write/-/write-1.0.3.tgz#0800e14523b923a387e415123c865616aae0f5c3"
  integrity sha1-CADhRSO5I6OH5BUSPIZWFqrg9cM=
  dependencies:
    mkdirp "^0.5.1"

yn@3.1.1:
  version "3.1.1"
  resolved "https://repo.dev.wixpress.com/artifactory/api/npm/npm-repos/yn/-/yn-3.1.1.tgz#1e87401a09d767c1d5eab26a6e4c185182d2eb50"
  integrity sha1-HodAGgnXZ8HV6rJqbkwYUYLS61A=
